version = 1
revision = 2
requires-python = ">=3.9"
resolution-markers = [
    "python_full_version >= '3.10'",
    "python_full_version < '3.10'",
]

[[package]]
name = "boto3"
version = "1.34.162"
source = { registry = "https://pypi.org/simple" }
dependencies = [
    { name = "botocore" },
    { name = "jmespath" },
    { name = "s3transfer" },
]
sdist = { url = "https://files.pythonhosted.org/packages/74/c1/f80cfbe564c89cdb080cd9ac2079ce05a2fac869bf8fbc45929ed3190da9/boto3-1.34.162.tar.gz", hash = "sha256:873f8f5d2f6f85f1018cbb0535b03cceddc7b655b61f66a0a56995238804f41f", size = 108585, upload-time = "2024-08-15T19:25:38.714Z" }
wheels = [
    { url = "https://files.pythonhosted.org/packages/65/41/faa5081761be3bac3999f912996c14c4dc9d06eab86c234bd6441f54bd64/boto3-1.34.162-py3-none-any.whl", hash = "sha256:d6f6096bdab35a0c0deff469563b87d184a28df7689790f7fe7be98502b7c590", size = 139174, upload-time = "2024-08-15T19:25:35.384Z" },
]

[[package]]
name = "boto3-stubs"
version = "1.38.32"
source = { registry = "https://pypi.org/simple" }
dependencies = [
    { name = "botocore-stubs" },
    { name = "types-s3transfer" },
    { name = "typing-extensions", marker = "python_full_version < '3.12'" },
]
sdist = { url = "https://files.pythonhosted.org/packages/6b/a6/777252297d5e57c02d976127ed77063658260b8a466610b0f5065ffda380/boto3_stubs-1.38.32.tar.gz", hash = "sha256:f57cdb44f87baf52e236951dcf9d32b93a906e21d5c0fe394b4166a5c0e16734", size = 99154, upload-time = "2025-06-06T19:42:47.614Z" }
wheels = [
    { url = "https://files.pythonhosted.org/packages/80/e3/662920f2dedb80ec864d455d99d92c4a68231dbc0c0e7387cdeb1f0f9e88/boto3_stubs-1.38.32-py3-none-any.whl", hash = "sha256:20f493bfdd44e4e1a76ab76e22e32256e6ba3d8cfae07b066c7878cc61e7c37d", size = 68731, upload-time = "2025-06-06T19:42:38.503Z" },
]

[package.optional-dependencies]
s3 = [
    { name = "mypy-boto3-s3" },
]

[[package]]
name = "botocore"
version = "1.34.162"
source = { registry = "https://pypi.org/simple" }
dependencies = [
    { name = "jmespath" },
    { name = "python-dateutil" },
    { name = "urllib3", version = "1.26.20", source = { registry = "https://pypi.org/simple" }, marker = "python_full_version < '3.10'" },
    { name = "urllib3", version = "2.4.0", source = { registry = "https://pypi.org/simple" }, marker = "python_full_version >= '3.10'" },
]
sdist = { url = "https://files.pythonhosted.org/packages/22/de/17d672eac6725da49bd5832e3bd2f74c4d212311cd393fd56b59f51a4e86/botocore-1.34.162.tar.gz", hash = "sha256:adc23be4fb99ad31961236342b7cbf3c0bfc62532cd02852196032e8c0d682f3", size = 12676693, upload-time = "2024-08-15T19:25:25.162Z" }
wheels = [
    { url = "https://files.pythonhosted.org/packages/bc/47/e35f788047c91110f48703a6254e5c84e33111b3291f7b57a653ca00accf/botocore-1.34.162-py3-none-any.whl", hash = "sha256:2d918b02db88d27a75b48275e6fb2506e9adaaddbec1ffa6a8a0898b34e769be", size = 12468049, upload-time = "2024-08-15T19:25:18.301Z" },
]

[[package]]
name = "botocore-stubs"
version = "1.38.30"
source = { registry = "https://pypi.org/simple" }
dependencies = [
    { name = "types-awscrt" },
]
sdist = { url = "https://files.pythonhosted.org/packages/b2/df/9bf9f6346daf1cbcb736a12417efe025ed63d72a015799f4e8f26a823b93/botocore_stubs-1.38.30.tar.gz", hash = "sha256:291d7bf39a316c00a8a55b7255489b02c0cea1a343482e7784e8d1e235bae995", size = 42299, upload-time = "2025-06-04T20:14:50.799Z" }
wheels = [
    { url = "https://files.pythonhosted.org/packages/98/71/cc9bc544489160cbacc8472b70ba0f9b93385628ed8bd0f673855b7ceeb7/botocore_stubs-1.38.30-py3-none-any.whl", hash = "sha256:2efb8bdf36504aff596c670d875d8f7dd15205277c15c4cea54afdba8200c266", size = 65628, upload-time = "2025-06-04T20:14:48.089Z" },
]

[[package]]
name = "click"
version = "8.1.8"
source = { registry = "https://pypi.org/simple" }
dependencies = [
    { name = "colorama", marker = "sys_platform == 'win32'" },
]
sdist = { url = "https://files.pythonhosted.org/packages/b9/2e/0090cbf739cee7d23781ad4b89a9894a41538e4fcf4c31dcdd705b78eb8b/click-8.1.8.tar.gz", hash = "sha256:ed53c9d8990d83c2a27deae68e4ee337473f6330c040a31d4225c9574d16096a", size = 226593, upload-time = "2024-12-21T18:38:44.339Z" }
wheels = [
    { url = "https://files.pythonhosted.org/packages/7e/d4/7ebdbd03970677812aac39c869717059dbb71a4cfc033ca6e5221787892c/click-8.1.8-py3-none-any.whl", hash = "sha256:63c132bbbed01578a06712a2d1f497bb62d9c1c0d329b7903a866228027263b2", size = 98188, upload-time = "2024-12-21T18:38:41.666Z" },
]

[[package]]
name = "colorama"
version = "0.4.6"
source = { registry = "https://pypi.org/simple" }
sdist = { url = "https://files.pythonhosted.org/packages/d8/53/6f443c9a4a8358a93a6792e2acffb9d9d5cb0a5cfd8802644b7b1c9a02e4/colorama-0.4.6.tar.gz", hash = "sha256:08695f5cb7ed6e0531a20572697297273c47b8cae5a63ffc6d6ed5c201be6e44", size = 27697, upload-time = "2022-10-25T02:36:22.414Z" }
wheels = [
    { url = "https://files.pythonhosted.org/packages/d1/d6/3965ed04c63042e047cb6a3e6ed1a63a35087b6a609aa3a15ed8ac56c221/colorama-0.4.6-py2.py3-none-any.whl", hash = "sha256:4f1d9991f5acc0ca119f9d443620b77f9d6b33703e51011c16baf57afb285fc6", size = 25335, upload-time = "2022-10-25T02:36:20.889Z" },
]

[[package]]
name = "jmespath"
version = "1.0.1"
source = { registry = "https://pypi.org/simple" }
sdist = { url = "https://files.pythonhosted.org/packages/00/2a/e867e8531cf3e36b41201936b7fa7ba7b5702dbef42922193f05c8976cd6/jmespath-1.0.1.tar.gz", hash = "sha256:90261b206d6defd58fdd5e85f478bf633a2901798906be2ad389150c5c60edbe", size = 25843, upload-time = "2022-06-17T18:00:12.224Z" }
wheels = [
    { url = "https://files.pythonhosted.org/packages/31/b4/b9b800c45527aadd64d5b442f9b932b00648617eb5d63d2c7a6587b7cafc/jmespath-1.0.1-py3-none-any.whl", hash = "sha256:02e2e4cc71b5bcab88332eebf907519190dd9e6e82107fa7f83b1003a6252980", size = 20256, upload-time = "2022-06-17T18:00:10.251Z" },
]

[[package]]
name = "mypy-boto3-s3"
version = "1.38.26"
source = { registry = "https://pypi.org/simple" }
dependencies = [
    { name = "typing-extensions", marker = "python_full_version < '3.12'" },
]
sdist = { url = "https://files.pythonhosted.org/packages/79/a5/366aec375b77cfe7820b7b3213318b147aefda6f12a035691541a5d557d1/mypy_boto3_s3-1.38.26.tar.gz", hash = "sha256:38a45dee5782d5c07ddea07ea50965c4d2ba7e77617c19f613b4c9f80f961b52", size = 73717, upload-time = "2025-05-29T19:43:03.468Z" }
wheels = [
    { url = "https://files.pythonhosted.org/packages/3b/fa/251b651c18341c7491909994bd459b12ad05e13059d65bfa65d3afabdf8d/mypy_boto3_s3-1.38.26-py3-none-any.whl", hash = "sha256:1129d64be1aee863e04f0c92ac8d315578f13ccae64fa199b20ad0950d2b9616", size = 80321, upload-time = "2025-05-29T19:42:59.199Z" },
]

[[package]]
name = "python-dateutil"
version = "2.9.0.post0"
source = { registry = "https://pypi.org/simple" }
dependencies = [
    { name = "six" },
]
sdist = { url = "https://files.pythonhosted.org/packages/66/c0/0c8b6ad9f17a802ee498c46e004a0eb49bc148f2fd230864601a86dcf6db/python-dateutil-2.9.0.post0.tar.gz", hash = "sha256:37dd54208da7e1cd875388217d5e00ebd4179249f90fb72437e91a35459a0ad3", size = 342432, upload-time = "2024-03-01T18:36:20.211Z" }
wheels = [
    { url = "https://files.pythonhosted.org/packages/ec/57/56b9bcc3c9c6a792fcbaf139543cee77261f3651ca9da0c93f5c1221264b/python_dateutil-2.9.0.post0-py2.py3-none-any.whl", hash = "sha256:a8b2bc7bffae282281c8140a97d3aa9c14da0b136dfe83f850eea9a5f7470427", size = 229892, upload-time = "2024-03-01T18:36:18.57Z" },
]

[[package]]
name = "s3fetch"
source = { editable = "." }
dependencies = [
    { name = "boto3" },
    { name = "boto3-stubs", extra = ["s3"] },
    { name = "click" },
]

[package.metadata]
requires-dist = [
    { name = "boto3", specifier = "~=1.34.144" },
    { name = "boto3-stubs", extras = ["s3"] },
    { name = "click", specifier = "~=8.1.0" },
]

[[package]]
name = "s3transfer"
version = "0.10.4"
source = { registry = "https://pypi.org/simple" }
dependencies = [
    { name = "botocore" },
]
sdist = { url = "https://files.pythonhosted.org/packages/c0/0a/1cdbabf9edd0ea7747efdf6c9ab4e7061b085aa7f9bfc36bb1601563b069/s3transfer-0.10.4.tar.gz", hash = "sha256:29edc09801743c21eb5ecbc617a152df41d3c287f67b615f73e5f750583666a7", size = 145287, upload-time = "2024-11-20T21:06:05.981Z" }
wheels = [
    { url = "https://files.pythonhosted.org/packages/66/05/7957af15543b8c9799209506df4660cba7afc4cf94bfb60513827e96bed6/s3transfer-0.10.4-py3-none-any.whl", hash = "sha256:244a76a24355363a68164241438de1b72f8781664920260c48465896b712a41e", size = 83175, upload-time = "2024-11-20T21:06:03.961Z" },
]

[[package]]
name = "six"
version = "1.17.0"
source = { registry = "https://pypi.org/simple" }
sdist = { url = "https://files.pythonhosted.org/packages/94/e7/b2c673351809dca68a0e064b6af791aa332cf192da575fd474ed7d6f16a2/six-1.17.0.tar.gz", hash = "sha256:ff70335d468e7eb6ec65b95b99d3a2836546063f63acc5171de367e834932a81", size = 34031, upload-time = "2024-12-04T17:35:28.174Z" }
wheels = [
    { url = "https://files.pythonhosted.org/packages/b7/ce/149a00dd41f10bc29e5921b496af8b574d8413afcd5e30dfa0ed46c2cc5e/six-1.17.0-py2.py3-none-any.whl", hash = "sha256:4721f391ed90541fddacab5acf947aa0d3dc7d27b2e1e8eda2be8970586c3274", size = 11050, upload-time = "2024-12-04T17:35:26.475Z" },
]

[[package]]
name = "types-awscrt"
version = "0.27.2"
source = { registry = "https://pypi.org/simple" }
sdist = { url = "https://files.pythonhosted.org/packages/36/6c/583522cfb3c330e92e726af517a91c13247e555e021791a60f1b03c6ff16/types_awscrt-0.27.2.tar.gz", hash = "sha256:acd04f57119eb15626ab0ba9157fc24672421de56e7bd7b9f61681fedee44e91", size = 16304, upload-time = "2025-05-16T03:10:08.712Z" }
wheels = [
    { url = "https://files.pythonhosted.org/packages/4c/82/1ee2e5c9d28deac086ab3a6ff07c8bc393ef013a083f546c623699881715/types_awscrt-0.27.2-py3-none-any.whl", hash = "sha256:49a045f25bbd5ad2865f314512afced933aed35ddbafc252e2268efa8a787e4e", size = 37761, upload-time = "2025-05-16T03:10:07.466Z" },
]

[[package]]
name = "types-s3transfer"
version = "0.13.0"
source = { registry = "https://pypi.org/simple" }
sdist = { url = "https://files.pythonhosted.org/packages/42/c1/45038f259d6741c252801044e184fec4dbaeff939a58f6160d7c32bf4975/types_s3transfer-0.13.0.tar.gz", hash = "sha256:203dadcb9865c2f68fb44bc0440e1dc05b79197ba4a641c0976c26c9af75ef52", size = 14175, upload-time = "2025-05-28T02:16:07.614Z" }
wheels = [
    { url = "https://files.pythonhosted.org/packages/c8/5d/6bbe4bf6a79fb727945291aef88b5ecbdba857a603f1bbcf1a6be0d3f442/types_s3transfer-0.13.0-py3-none-any.whl", hash = "sha256:79c8375cbf48a64bff7654c02df1ec4b20d74f8c5672fc13e382f593ca5565b3", size = 19588, upload-time = "2025-05-28T02:16:06.709Z" },
]

[[package]]
name = "typing-extensions"
version = "4.14.0"
source = { registry = "https://pypi.org/simple" }
sdist = { url = "https://files.pythonhosted.org/packages/d1/bc/51647cd02527e87d05cb083ccc402f93e441606ff1f01739a62c8ad09ba5/typing_extensions-4.14.0.tar.gz", hash = "sha256:8676b788e32f02ab42d9e7c61324048ae4c6d844a399eebace3d4979d75ceef4", size = 107423, upload-time = "2025-06-02T14:52:11.399Z" }
wheels = [
    { url = "https://files.pythonhosted.org/packages/69/e0/552843e0d356fbb5256d21449fa957fa4eff3bbc135a74a691ee70c7c5da/typing_extensions-4.14.0-py3-none-any.whl", hash = "sha256:a1514509136dd0b477638fc68d6a91497af5076466ad0fa6c338e44e359944af", size = 43839, upload-time = "2025-06-02T14:52:10.026Z" },
]

[[package]]
name = "urllib3"
version = "1.26.20"
source = { registry = "https://pypi.org/simple" }
resolution-markers = [
    "python_full_version < '3.10'",
]
sdist = { url = "https://files.pythonhosted.org/packages/e4/e8/6ff5e6bc22095cfc59b6ea711b687e2b7ed4bdb373f7eeec370a97d7392f/urllib3-1.26.20.tar.gz", hash = "sha256:40c2dc0c681e47eb8f90e7e27bf6ff7df2e677421fd46756da1161c39ca70d32", size = 307380, upload-time = "2024-08-29T15:43:11.37Z" }
wheels = [
    { url = "https://files.pythonhosted.org/packages/33/cf/8435d5a7159e2a9c83a95896ed596f68cf798005fe107cc655b5c5c14704/urllib3-1.26.20-py2.py3-none-any.whl", hash = "sha256:0ed14ccfbf1c30a9072c7ca157e4319b70d65f623e91e7b32fadb2853431016e", size = 144225, upload-time = "2024-08-29T15:43:08.921Z" },
]

[[package]]
name = "urllib3"
version = "2.4.0"
source = { registry = "https://pypi.org/simple" }
resolution-markers = [
    "python_full_version >= '3.10'",
]
sdist = { url = "https://files.pythonhosted.org/packages/8a/78/16493d9c386d8e60e442a35feac5e00f0913c0f4b7c217c11e8ec2ff53e0/urllib3-2.4.0.tar.gz", hash = "sha256:414bc6535b787febd7567804cc015fee39daab8ad86268f1310a9250697de466", size = 390672, upload-time = "2025-04-10T15:23:39.232Z" }
wheels = [
    { url = "https://files.pythonhosted.org/packages/6b/11/cc635220681e93a0183390e26485430ca2c7b5f9d33b15c74c2861cb8091/urllib3-2.4.0-py3-none-any.whl", hash = "sha256:4e16665048960a0900c702d4a66415956a584919c03361cac9f1df5c5dd7e813", size = 128680, upload-time = "2025-04-10T15:23:37.377Z" },
]
